
Microsoft Visual Studio Solution File, Format Version 12.00
# Visual Studio Version 16
VisualStudioVersion = 16.0.28729.10
MinimumVisualStudioVersion = 10.0.40219.1
Project("{FAE04EC0-301F-11D3-BF4B-00C04F79EFBC}") = "Midterm", "Midterm\Midterm.csproj", "{D2D958ED-15C2-412D-BCE4-EE355C08BAAA}"
EndProject
Global
	GlobalSection(SolutionConfigurationPlatforms) = preSolution
		Debug|Any CPU = Debug|Any CPU
		Release|Any CPU = Release|Any CPU
	EndGlobalSection
	GlobalSection(ProjectConfigurationPlatforms) = postSolution
		{D2D958ED-15C2-412D-BCE4-EE355C08BAAA}.Debug|Any CPU.ActiveCfg = Debug|Any CPU
		{D2D958ED-15C2-412D-BCE4-EE355C08BAAA}.Debug|Any CPU.Build.0 = Debug|Any CPU
		{D2D958ED-15C2-412D-BCE4-EE355C08BAAA}.Release|Any CPU.ActiveCfg = Release|Any CPU
		{D2D958ED-15C2-412D-BCE4-EE355C08BAAA}.Release|Any CPU.Build.0 = Release|Any CPU
	EndGlobalSection
	GlobalSection(SolutionProperties) = preSolution
		HideSolutionNode = FALSE
	EndGlobalSection
	GlobalSection(ExtensibilityGlobals) = postSolution
		SolutionGuid = {A6DE3792-03C9-4EE0-9569-1EEF8E1945CF}
	EndGlobalSection
EndGlobal
